PODS:
  - RxBlocking (5.1.1):
    - RxSwift (~> 5)
  - RxCacheMap (0.4.2):
    - RxSwift (~> 5.0)
  - RxCocoa (5.1.1):
    - RxRelay (~> 5)
    - RxSwift (~> 5)
  - RxRelay (5.1.1):
    - RxSwift (~> 5)
  - RxSwift (5.1.1)
  - RxTest (5.1.1):
    - RxSwift (~> 5)

DEPENDENCIES:
  - RxBlocking
  - RxCacheMap (from `../`)
  - RxCocoa (~> 5.0)
  - RxSwift (~> 5.0)
  - RxTest

SPEC REPOS:
  trunk:
    - RxBlocking
    - RxCocoa
    - RxRelay
    - RxSwift
    - RxTest

EXTERNAL SOURCES:
  RxCacheMap:
    :path: "../"

SPEC CHECKSUMS:
  RxBlocking: 5f700a78cad61ce253ebd37c9a39b5ccc76477b4
  RxCacheMap: a8c3cdb379a5a48559f40e2a606cc5664bd67af8
  RxCocoa: 32065309a38d29b5b0db858819b5bf9ef038b601
  RxRelay: d77f7d771495f43c556cbc43eebd1bb54d01e8e9
  RxSwift: 81470a2074fa8780320ea5fe4102807cb7118178
  RxTest: 711632d5644dffbeb62c936a521b5b008a1e1faa

PODFILE CHECKSUM: a498119a712623b2d8f3fba64c710212812ddc9e

COCOAPODS: 1.10.1
